
Microsoft Visual Studio Solution File, Format Version 12.00
# Visual Studio Version 17
VisualStudioVersion = 17.9.34723.18
MinimumVisualStudioVersion = 10.0.40219.1
Project("{FAE04EC0-301F-11D3-BF4B-00C04F79EFBC}") = "info", "info.csproj", "{1EE615E0-3632-4D5A-A11D-F4E68A942A42}"
EndProject
Global
	GlobalSection(SolutionConfigurationPlatforms) = preSolution
		Debug|Any CPU = Debug|Any CPU
		Release|Any CPU = Release|Any CPU
	EndGlobalSection
	GlobalSection(ProjectConfigurationPlatforms) = postSolution
		{1EE615E0-3632-4D5A-A11D-F4E68A942A42}.Debug|Any CPU.ActiveCfg = Debug|Any CPU
		{1EE615E0-3632-4D5A-A11D-F4E68A942A42}.Debug|Any CPU.Build.0 = Debug|Any CPU
		{1EE615E0-3632-4D5A-A11D-F4E68A942A42}.Release|Any CPU.ActiveCfg = Release|Any CPU
		{1EE615E0-3632-4D5A-A11D-F4E68A942A42}.Release|Any CPU.Build.0 = Release|Any CPU
	EndGlobalSection
	GlobalSection(SolutionProperties) = preSolution
		HideSolutionNode = FALSE
	EndGlobalSection
	GlobalSection(ExtensibilityGlobals) = postSolution
		SolutionGuid = {58071E14-EEC4-4D8F-A38B-AEC3C261EE1A}
	EndGlobalSection
EndGlobal
